{
  "name": "mineflayer-group",
  "version": "1.0.0",
  "lockfileVersion": 1,
  "requires": true,
  "dependencies": {
    "ajv": {
      "version": "6.12.3",
      "resolved": "https://registry.npmjs.org/ajv/-/ajv-6.12.3.tgz",
      "integrity": "sha512-4K0cK3L1hsqk9xIb2z9vs/XU+PGJZ9PNpJRDS9YLzmNdX6jmVPfamLvTJr0aDAusnHyCHO6MjzlkAsgtqp9teA==",
      "requires": {
        "fast-deep-equal": "^3.1.1",
        "fast-json-stable-stringify": "^2.0.0",
        "json-schema-traverse": "^0.4.1",
        "uri-js": "^4.2.2"
      }
    },
    "asn1": {
      "version": "0.2.3",
      "resolved": "https://registry.npmjs.org/asn1/-/asn1-0.2.3.tgz",
      "integrity": "sha1-2sh4dxPJlmhJ/IGAd36+nB3fO4Y="
    },
    "buffer-equal": {
      "version": "1.0.0",
      "resolved": "https://registry.npmjs.org/buffer-equal/-/buffer-equal-1.0.0.tgz",
      "integrity": "sha1-WWFrSYME1Var1GaWayLu2j7KX74="
    },
    "centra": {
      "version": "2.4.2",
      "resolved": "https://registry.npmjs.org/centra/-/centra-2.4.2.tgz",
      "integrity": "sha512-f1RaP0V1HqVNEXfLfjNBthB2yy3KnSGnPCnOPCFLUk9e/Z4rNJ8nBaJNnghflnp88mi1IT8mfmW+HlMS1/H+bg=="
    },
    "debug": {
      "version": "4.3.4",
      "resolved": "https://registry.npmjs.org/debug/-/debug-4.3.4.tgz",
      "integrity": "sha512-PRWFHuSU3eDtQJPvnNY7Jcket1j0t5OuOsFzPPzsekD52Zl8qUfFIPEiswXqIvHWGVHOgX+7G/vCNNhehwxfkQ==",
      "requires": {
        "ms": "2.1.2"
      }
    },
    "endian-toggle": {
      "version": "0.0.0",
      "resolved": "https://registry.npmjs.org/endian-toggle/-/endian-toggle-0.0.0.tgz",
      "integrity": "sha1-5cx1eLEDLW7gHq/Nc3ZdsNtNwKY="
    },
    "fast-deep-equal": {
      "version": "3.1.3",
      "resolved": "https://registry.npmjs.org/fast-deep-equal/-/fast-deep-equal-3.1.3.tgz",
      "integrity": "sha512-f3qQ9oQy9j2AhBe/H9VC91wLmKBCCU/gDOnKNAYG5hswO7BLKj09Hc5HYNz9cGI++xlpDCIgDaitVs03ATR84Q=="
    },
    "fast-json-stable-stringify": {
      "version": "2.1.0",
      "resolved": "https://registry.npmjs.org/fast-json-stable-stringify/-/fast-json-stable-stringify-2.1.0.tgz",
      "integrity": "sha512-lhd/wF+Lk98HZoTCtlVraHtfh5XYijIjalXck7saUtuanSDyLMxnHhSXEDJqHxD7msR8D0uCmqlkwjCV8xvwHw=="
    },
    "inherits": {
      "version": "2.0.4",
      "resolved": "https://registry.npmjs.org/inherits/-/inherits-2.0.4.tgz",
      "integrity": "sha512-k/vGaX4/Yla3WzyMCvTQOXYeIHvqOKtnqBduzTHpzpQZzAskKMhZ2K+EnBiSM9zGSoIFeMpXKxa4dYeZIQqewQ=="
    },
    "json-schema-traverse": {
      "version": "0.4.1",
      "resolved": "https://registry.npmjs.org/json-schema-traverse/-/json-schema-traverse-0.4.1.tgz",
      "integrity": "sha512-xbbCH5dCYU5T8LcEhhuh7HJ88HXuW3qsI3Y0zOZFKfZEHcpWiHU/Jxzk629Brsab/mMiHQti9wMP+845RPe3Vg=="
    },
    "lodash.get": {
      "version": "4.4.2",
      "resolved": "https://registry.npmjs.org/lodash.get/-/lodash.get-4.4.2.tgz",
      "integrity": "sha1-LRd/ZS+jHpObRDjVNBSZ36OCXpk="
    },
    "lodash.merge": {
      "version": "4.6.2",
      "resolved": "https://registry.npmjs.org/lodash.merge/-/lodash.merge-4.6.2.tgz",
      "integrity": "sha512-0KpjqXRVvrYyCsX1swR/XTK0va6VQkQM6MNo7PqW77ByjAhoARA8EfrP1N4+KlKj8YS0ZUCtRT/YUuhyYDujIQ=="
    },
    "lodash.reduce": {
      "version": "4.6.0",
      "resolved": "https://registry.npmjs.org/lodash.reduce/-/lodash.reduce-4.6.0.tgz",
      "integrity": "sha1-8atrg5KZrUj3hKu/R2WW8DuRTTs="
    },
    "macaddress": {
      "version": "0.5.1",
      "resolved": "https://registry.npmjs.org/macaddress/-/macaddress-0.5.1.tgz",
      "integrity": "sha512-et8b+V48uHaOB2fyNhPWwlm2PenfcfkGmHUwuVT3lxFEhfwaKwq5VmM4Cw4MYDwMrujvF0ktA2sSJidCjZBSzg=="
    },
    "minecraft-data": {
      "version": "2.62.1",
      "resolved": "https://registry.npmjs.org/minecraft-data/-/minecraft-data-2.62.1.tgz",
      "integrity": "sha512-fJ3oMZSIVSVHTJJFAkAfnXJQI+ovGc4AkUWnNQjp4irDP++rpXmlS0R+mFTVjeGCIzmApfw7LRnAFMP9vzpdMQ=="
    },
    "minecraft-protocol": {
      "version": "1.13.0",
      "resolved": "https://registry.npmjs.org/minecraft-protocol/-/minecraft-protocol-1.13.0.tgz",
      "integrity": "sha512-sD4Plkhg1JJq8gV8SHCKsUSK+Exgc15jwG4WfUZmpRcRupcB6nmz7EDoHSoNY2wLIiudfXXbXxAi69iQJqf32g==",
      "requires": {
        "buffer-equal": "^1.0.0",
        "debug": "^4.1.0",
        "endian-toggle": "^0.0.0",
        "lodash.get": "^4.1.2",
        "lodash.merge": "^4.3.0",
        "minecraft-data": "^2.58.0",
        "node-rsa": "^0.4.2",
        "prismarine-nbt": "^1.3.0",
        "protodef": "^1.8.0",
        "readable-stream": "^3.0.6",
        "uuid-1345": "^1.0.1",
        "yggdrasil": "^1.3.0"
      }
    },
    "mineflayer": {
      "version": "2.24.0",
      "resolved": "https://registry.npmjs.org/mineflayer/-/mineflayer-2.24.0.tgz",
      "integrity": "sha512-Uyp9whbq9TNWDdKgusMG5yiI7+PnRSCq8dsX1H05cu+ewwC5R6sJjFxWu3FOC3DpfV0J3obb+NG/2MiiB8fv4A==",
      "requires": {
        "minecraft-data": "^2.62.1",
        "minecraft-protocol": "^1.13.0",
        "prismarine-biome": "^1.1.0",
        "prismarine-block": "^1.6.0",
        "prismarine-chat": "^1.0.0",
        "prismarine-chunk": "^1.20.1",
        "prismarine-entity": "^1.0.0",
        "prismarine-item": "^1.5.0",
        "prismarine-physics": "^1.0.2",
        "prismarine-recipe": "^1.1.0",
        "prismarine-windows": "^1.5.0",
        "protodef": "^1.8.0",
        "vec3": "^0.1.5"
      }
    },
    "mineflayer-armor-manager": {
      "version": "1.1.0",
      "resolved": "https://registry.npmjs.org/mineflayer-armor-manager/-/mineflayer-armor-manager-1.1.0.tgz",
      "integrity": "sha512-aY/4X9K5BuJ+EubaTK3Xta3NYzthOd2JzJdkwQcjFeB3R97HxZI02YkdJF+fshWPSjKCGF5k1sHJ/Z1cOXTpJw==",
      "requires": {
        "minecraft-data": "^2.62.1",
        "rambda": "^5.9.0"
      }
    },
    "mineflayer-blockfinder": {
      "version": "0.0.7",
      "resolved": "https://registry.npmjs.org/mineflayer-blockfinder/-/mineflayer-blockfinder-0.0.7.tgz",
      "integrity": "sha1-d3xzM1I45fmZBR19Rr/gKKObFOw=",
      "requires": {
        "mineflayer": "^2.1.0",
        "vec3": "^0.1.3"
      }
    },
    "mineflayer-pathfinder": {
      "version": "1.0.9",
      "resolved": "https://registry.npmjs.org/mineflayer-pathfinder/-/mineflayer-pathfinder-1.0.9.tgz",
      "integrity": "sha512-dy+ZO3qsw2/MkUf0xvmlReOU7ML1kXYiH9v5rY9WIXMHPV3wOtAq/mctPziCsX01MCMzJz1z6f2geOEg2ZgQLQ==",
      "requires": {
        "minecraft-data": "^2.62.1",
        "mineflayer": "^2.23.0",
        "prismarine-nbt": "^1.3.0",
        "prismarine-physics": "^1.0.1",
        "vec3": "^0.1.5"
      },
      "dependencies": {
        "prismarine-physics": {
          "version": "1.0.1",
          "resolved": "https://registry.npmjs.org/prismarine-physics/-/prismarine-physics-1.0.1.tgz",
          "integrity": "sha512-2BWme2t1U3GvUoxToHwzLDI7xgWRthEBYzE/lWo0CjwXX52v/6pNXmblgtvYwBY2pjaP0pFf7pH3Pd/ZresqYA==",
          "requires": {
            "vec3": "^0.1.5"
          }
        }
      }
    },
    "mojangson": {
      "version": "0.2.4",
      "resolved": "https://registry.npmjs.org/mojangson/-/mojangson-0.2.4.tgz",
      "integrity": "sha512-9NxNAmzf4IcSIgZRdJ+WrWeGjuRUXXkVn5i29oUTCCMUheikVQVokdFqYR4OkWcXU0kMXOcvJl/e7oqX2cWTAw=="
    },
    "ms": {
      "version": "2.1.2",
      "resolved": "https://registry.npmjs.org/ms/-/ms-2.1.2.tgz",
      "integrity": "sha512-sGkPx+VjMtmA6MX27oA4FBFELFCZZ4S4XqeGOXCv68tT+jb3vk/RyaKWP0PTKyWtmLSM0b+adUTEvbs1PEaH2w=="
    },
    "node-rsa": {
      "version": "0.4.2",
      "resolved": "https://registry.npmjs.org/node-rsa/-/node-rsa-0.4.2.tgz",
      "integrity": "sha1-1jkXKewWqDDtWjgEKzFX0tXXJTA=",
      "requires": {
        "asn1": "0.2.3"
      }
    },
    "phin": {
      "version": "3.5.0",
      "resolved": "https://registry.npmjs.org/phin/-/phin-3.5.0.tgz",
      "integrity": "sha512-BEJYqD07B5uBFPAzNpLuLh0LzHr4MDLe0Vc6gBYi+PSIL57VbiE/UvkCc86x24pKQn2X2Keg7HTJEDr8BrBCCg==",
      "requires": {
        "centra": "^2.4.2"
      }
    },
    "prismarine-biome": {
      "version": "1.3.0",
      "resolved": "https://registry.npmjs.org/prismarine-biome/-/prismarine-biome-1.3.0.tgz",
      "integrity": "sha512-GY6nZxq93mTErT7jD7jt8YS1aPrOakbJHh39seYsJFXvueIOdHAmW16kYQVrTVMW5MlWLQVxV/EquRwOgr4MnQ=="
    },
    "prismarine-block": {
      "version": "1.7.1",
      "resolved": "https://registry.npmjs.org/prismarine-block/-/prismarine-block-1.7.1.tgz",
      "integrity": "sha512-hIKUnNHx9/jcXU8RNVlCnmYajpBSSfc4tvhPyZGnUtGbqlpWs7gNkYy7BZnDRIlwfECmxggjrEIJ9WvOqpCFTg==",
      "requires": {
        "prismarine-biome": "^1.1.0"
      }
    },
    "prismarine-chat": {
      "version": "1.0.1",
      "resolved": "https://registry.npmjs.org/prismarine-chat/-/prismarine-chat-1.0.1.tgz",
      "integrity": "sha512-gvHbwSiIb0NMU2lX7UrFJVNK0ysZHxGmGSufDLca6hAq37ZDxcuRPPFAJu8zyjYdo3UKNtkafyoThU9Ls5Dgzg==",
      "requires": {
        "minecraft-data": "^2.62.1",
        "mojangson": "^0.2.4",
        "sprintf-js": "^1.1.2"
      }
    },
    "prismarine-chunk": {
      "version": "1.20.1",
      "resolved": "https://registry.npmjs.org/prismarine-chunk/-/prismarine-chunk-1.20.1.tgz",
      "integrity": "sha512-zUKLTlKinVVR/Wcx2/SlUWOD4EJzR40n2ro+2VnYDXNUSSURTlMdr9JZ2joi6jt6UFZeIM3nxT0hCzne5PBi1w==",
      "requires": {
        "minecraft-data": "^2.61.0",
        "prismarine-block": "^1.2.0",
        "smart-buffer": "^4.1.0",
        "uint4": "^0.1.2",
        "vec3": "^0.1.3"
      }
    },
    "prismarine-entity": {
      "version": "1.0.0",
      "resolved": "https://registry.npmjs.org/prismarine-entity/-/prismarine-entity-1.0.0.tgz",
      "integrity": "sha512-n7Cdi/t4CkKMaSrQCpF8FEjxvVBD/Mqj0d+SlDNQK9HKD5XRej4t+RvsQdV3HfYEyGL3hG5BA5WgGj1ri2Q7Ow==",
      "requires": {
        "vec3": "^0.1.4"
      }
    },
    "prismarine-item": {
      "version": "1.5.0",
      "resolved": "https://registry.npmjs.org/prismarine-item/-/prismarine-item-1.5.0.tgz",
      "integrity": "sha512-O0Rpxn0kqHhkJAVJJK7SvkVyoNkBU7tRh7FrGJipg23B6j1cw8GtkSY10keupI2p0AcygA9TrlHBwomVLl7uYw=="
    },
    "prismarine-nbt": {
      "version": "1.3.0",
      "resolved": "https://registry.npmjs.org/prismarine-nbt/-/prismarine-nbt-1.3.0.tgz",
      "integrity": "sha512-QDXP3uaoZGFo0WsTq6yTxL/s+Syt/7wKhD5Jlq+2Ilfx0b8r8h6SlrashUnhgin7S2JKDytvQRRJu0aZfCHhTQ==",
      "requires": {
        "protodef": "^1.7.0"
      }
    },
    "prismarine-physics": {
      "version": "1.0.2",
      "resolved": "https://registry.npmjs.org/prismarine-physics/-/prismarine-physics-1.0.2.tgz",
      "integrity": "sha512-EZ+kymn2ohG+4jDwpdXNDyFlFKycv/m8mQwiU0qRA+UqnesgzCeR2YS8q/lPSmTOkzlFVJkJ60aUvRHiIN92cQ==",
      "requires": {
        "vec3": "^0.1.5"
      }
    },
    "prismarine-recipe": {
      "version": "1.1.0",
      "resolved": "https://registry.npmjs.org/prismarine-recipe/-/prismarine-recipe-1.1.0.tgz",
      "integrity": "sha512-eFmriEWoe6S6OSVbOJnsXpaBuzeIzjaGymDUTCtrOu80734NWKI7outdLI6R2ztJ+f2PFIkFmpkazAdScStGNA=="
    },
    "prismarine-windows": {
      "version": "1.6.0",
      "resolved": "https://registry.npmjs.org/prismarine-windows/-/prismarine-windows-1.6.0.tgz",
      "integrity": "sha512-026LG1yR76Xb62kM+W83IWT7Wy2yKplllbXNFBF2m0Lr4k4YpYKnpLb8tRft8MLOLRbYAt/KnxE/YKvRZul7kw==",
      "requires": {
        "prismarine-item": "^1.4.0"
      }
    },
    "protodef": {
      "version": "1.8.0",
      "resolved": "https://registry.npmjs.org/protodef/-/protodef-1.8.0.tgz",
      "integrity": "sha512-D0kMc6mIgkgCy2xDeDhD15N7VRfHYphZNyqZAXRMW8Qkws0jV+ouEHaZhDbJW2rdwzXq1y7AgCzUHJlgIWIIaw==",
      "requires": {
        "lodash.get": "^4.4.2",
        "lodash.reduce": "^4.6.0",
        "protodef-validator": "^1.2.2",
        "readable-stream": "^3.0.3"
      }
    },
    "protodef-validator": {
      "version": "1.2.3",
      "resolved": "https://registry.npmjs.org/protodef-validator/-/protodef-validator-1.2.3.tgz",
      "integrity": "sha512-dMcSMYRh8s0z0iQN0PLVlXwJOgN8cgBuM1uWzhMjkLdpKCOASwp+h7wHnTigBTRVhGLywykcb3EKiGSsXX4vvA==",
      "requires": {
        "ajv": "^6.5.4"
      }
    },
    "punycode": {
      "version": "2.1.1",
      "resolved": "https://registry.npmjs.org/punycode/-/punycode-2.1.1.tgz",
      "integrity": "sha512-XRsRjdf+j5ml+y/6GKHPZbrF/8p2Yga0JPtdqTIY2Xe5ohJPD9saDJJLPvp9+NSBprVvevdXZybnj2cv8OEd0A=="
    },
    "rambda": {
      "version": "5.9.0",
      "resolved": "https://registry.npmjs.org/rambda/-/rambda-5.9.0.tgz",
      "integrity": "sha512-51IivfuBRSokyKkRLrS2QtLCIRWfY+PQkQ4+vb2PXrdAPplBeWraw6BqYZGOuCzvKhvFhJxO+anRL6mUziUiJg=="
    },
    "readable-stream": {
      "version": "3.6.0",
      "resolved": "https://registry.npmjs.org/readable-stream/-/readable-stream-3.6.0.tgz",
      "integrity": "sha512-BViHy7LKeTz4oNnkcLJ+lVSL6vpiFeX6/d3oSH8zCW7UxP2onchk+vTGB143xuFjHS3deTgkKoXXymXqymiIdA==",
      "requires": {
        "inherits": "^2.0.3",
        "string_decoder": "^1.1.1",
        "util-deprecate": "^1.0.1"
      }
    },
    "safe-buffer": {
      "version": "5.2.1",
      "resolved": "https://registry.npmjs.org/safe-buffer/-/safe-buffer-5.2.1.tgz",
      "integrity": "sha512-rp3So07KcdmmKbGvgaNxQSJr7bGVSVk5S9Eq1F+ppbRo70+YeaDxkw5Dd8NPN+GD6bjnYm2VuPuCXmpuYvmCXQ=="
    },
    "smart-buffer": {
      "version": "4.1.0",
      "resolved": "https://registry.npmjs.org/smart-buffer/-/smart-buffer-4.1.0.tgz",
      "integrity": "sha512-iVICrxOzCynf/SNaBQCw34eM9jROU/s5rzIhpOvzhzuYHfJR/DhZfDkXiZSgKXfgv26HT3Yni3AV/DGw0cGnnw=="
    },
    "sprintf-js": {
      "version": "1.1.2",
      "resolved": "https://registry.npmjs.org/sprintf-js/-/sprintf-js-1.1.2.tgz",
      "integrity": "sha512-VE0SOVEHCk7Qc8ulkWw3ntAzXuqf7S2lvwQaDLRnUeIEaKNQJzV6BwmLKhOqT61aGhfUMrXeaBk+oDGCzvhcug=="
    },
    "string_decoder": {
      "version": "1.3.0",
      "resolved": "https://registry.npmjs.org/string_decoder/-/string_decoder-1.3.0.tgz",
      "integrity": "sha512-hkRX8U1WjJFd8LsDJ2yQ/wWWxaopEsABU1XfkM8A+j0+85JAGppt16cr1Whg6KIbb4okU6Mql6BOj+uup/wKeA==",
      "requires": {
        "safe-buffer": "~5.2.0"
      }
    },
    "uint4": {
      "version": "0.1.2",
      "resolved": "https://registry.npmjs.org/uint4/-/uint4-0.1.2.tgz",
      "integrity": "sha1-UMWuBLhdKBKPLfPMDsxNQavC9oE="
    },
    "uri-js": {
      "version": "4.2.2",
      "resolved": "https://registry.npmjs.org/uri-js/-/uri-js-4.2.2.tgz",
      "integrity": "sha512-KY9Frmirql91X2Qgjry0Wd4Y+YTdrdZheS8TFwvkbLWf/G5KNJDCh6pKL5OZctEW4+0Baa5idK2ZQuELRwPznQ==",
      "requires": {
        "punycode": "^2.1.0"
      }
    },
    "util-deprecate": {
      "version": "1.0.2",
      "resolved": "https://registry.npmjs.org/util-deprecate/-/util-deprecate-1.0.2.tgz",
      "integrity": "sha1-RQ1Nyfpw3nMnYvvS1KKJgUGaDM8="
    },
    "uuid": {
      "version": "3.4.0",
      "resolved": "https://registry.npmjs.org/uuid/-/uuid-3.4.0.tgz",
      "integrity": "sha512-HjSDRw6gZE5JMggctHBcjVak08+KEVhSIiDzFnT9S9aegmp85S/bReBVTb4QTFaRNptJ9kuYaNhnbNEOkbKb/A=="
    },
    "uuid-1345": {
      "version": "1.0.2",
      "resolved": "https://registry.npmjs.org/uuid-1345/-/uuid-1345-1.0.2.tgz",
      "integrity": "sha512-bA5zYZui+3nwAc0s3VdGQGBfbVsJLVX7Np7ch2aqcEWFi5lsAEcmO3+lx3djM1npgpZI8KY2FITZ2uYTnYUYyw==",
      "requires": {
        "macaddress": "^0.5.1"
      }
    },
    "vec3": {
      "version": "0.1.8",
      "resolved": "https://registry.npmjs.org/vec3/-/vec3-0.1.8.tgz",
      "integrity": "sha512-LfKrP625Bsg/Tj52YdYPsHmpsJuo+tc6fLxZxXjEo9k2xSspKlPvoYTHehykKhp1FvV9nm+XU3Ehej5/9tpDCg=="
    },
    "yggdrasil": {
      "version": "1.3.0",
      "resolved": "https://registry.npmjs.org/yggdrasil/-/yggdrasil-1.3.0.tgz",
      "integrity": "sha512-Soeun64VJfFlqUY99GwoHwePZEhJTAvcYPbcTaH/1pqCVqEfENuUhc8rNJlngNKrVkvZOPRIJ+T8FCKtcu6BXA==",
      "requires": {
        "phin": "^3.4.1",
        "uuid": "^3.4.0"
      }
    }
  }
}
